
Microsoft Visual Studio Solution File, Format Version 12.00
# Visual Studio 2012
Project("{FAE04EC0-301F-11D3-BF4B-00C04F79EFBC}") = "BreakABrick", "BreakABrick\BreakABrick\BreakABrick.csproj", "{A194878A-5287-4A8C-9F58-300A4FD7FB61}"
EndProject
Project("{96E2B04D-8817-42C6-938A-82C39BA4D311}") = "BreakABrickContent", "BreakABrick\BreakABrickContent\BreakABrickContent.contentproj", "{DEA877ED-69A2-4D06-B5E3-175448ED1F0A}"
EndProject
Global
	GlobalSection(SolutionConfigurationPlatforms) = preSolution
		Debug|x86 = Debug|x86
		Release|x86 = Release|x86
	EndGlobalSection
	GlobalSection(ProjectConfigurationPlatforms) = postSolution
		{A194878A-5287-4A8C-9F58-300A4FD7FB61}.Debug|x86.ActiveCfg = Debug|x86
		{A194878A-5287-4A8C-9F58-300A4FD7FB61}.Debug|x86.Build.0 = Debug|x86
		{A194878A-5287-4A8C-9F58-300A4FD7FB61}.Release|x86.ActiveCfg = Release|x86
		{A194878A-5287-4A8C-9F58-300A4FD7FB61}.Release|x86.Build.0 = Release|x86
		{DEA877ED-69A2-4D06-B5E3-175448ED1F0A}.Debug|x86.ActiveCfg = Debug|x86
		{DEA877ED-69A2-4D06-B5E3-175448ED1F0A}.Release|x86.ActiveCfg = Release|x86
	EndGlobalSection
	GlobalSection(SolutionProperties) = preSolution
		HideSolutionNode = FALSE
	EndGlobalSection
EndGlobal
